
Microsoft Visual Studio Solution File, Format Version 12.00
Project("{FAE04EC0-301F-11D3-BF4B-00C04F79EFBC}") = "MPF.Console", "MPF.Console\MPF.Console.csproj", "{6B28963C-819B-46B4-AB7A-D1AB32C8CA03}"
EndProject
Project("{FAE04EC0-301F-11D3-BF4B-00C04F79EFBC}") = "MPF.ParallelProgramming", "MPF.ParallelProgramming\MPF.ParallelProgramming.csproj", "{30D3B718-4F0D-4267-93F4-9AC74E509702}"
EndProject
Project("{FAE04EC0-301F-11D3-BF4B-00C04F79EFBC}") = "MPF.ParallelProgramming.Tests", "MPF.ParallelProgramming.Tests\MPF.ParallelProgramming.Tests.csproj", "{A9C4C8E5-B5EC-40A6-94E1-F8432BF2857A}"
EndProject
Global
	GlobalSection(SolutionConfigurationPlatforms) = preSolution
		Debug|Any CPU = Debug|Any CPU
		Release|Any CPU = Release|Any CPU
	EndGlobalSection
	GlobalSection(ProjectConfigurationPlatforms) = postSolution
		{6B28963C-819B-46B4-AB7A-D1AB32C8CA03}.Debug|Any CPU.ActiveCfg = Debug|Any CPU
		{6B28963C-819B-46B4-AB7A-D1AB32C8CA03}.Debug|Any CPU.Build.0 = Debug|Any CPU
		{6B28963C-819B-46B4-AB7A-D1AB32C8CA03}.Release|Any CPU.ActiveCfg = Release|Any CPU
		{6B28963C-819B-46B4-AB7A-D1AB32C8CA03}.Release|Any CPU.Build.0 = Release|Any CPU
		{30D3B718-4F0D-4267-93F4-9AC74E509702}.Debug|Any CPU.ActiveCfg = Debug|Any CPU
		{30D3B718-4F0D-4267-93F4-9AC74E509702}.Debug|Any CPU.Build.0 = Debug|Any CPU
		{30D3B718-4F0D-4267-93F4-9AC74E509702}.Release|Any CPU.ActiveCfg = Release|Any CPU
		{30D3B718-4F0D-4267-93F4-9AC74E509702}.Release|Any CPU.Build.0 = Release|Any CPU
		{A9C4C8E5-B5EC-40A6-94E1-F8432BF2857A}.Debug|Any CPU.ActiveCfg = Debug|Any CPU
		{A9C4C8E5-B5EC-40A6-94E1-F8432BF2857A}.Debug|Any CPU.Build.0 = Debug|Any CPU
		{A9C4C8E5-B5EC-40A6-94E1-F8432BF2857A}.Release|Any CPU.ActiveCfg = Release|Any CPU
		{A9C4C8E5-B5EC-40A6-94E1-F8432BF2857A}.Release|Any CPU.Build.0 = Release|Any CPU
	EndGlobalSection
EndGlobal
